// !$*UTF8*$!
{
	archiveVersion = 1;
	classes = {
	};
	objectVersion = 50;
	objects = {

/* Begin PBXBuildFile section */
		D0A92A3622A4BC1E00F69286 /* AppDelegate.m in Sources */ = {isa = PBXBuildFile; fileRef = D0A92A3522A4BC1E00F69286 /* AppDelegate.m */; };
		D0A92A3822A4BC2000F69286 /* Assets.xcassets in Resources */ = {isa = PBXBuildFile; fileRef = D0A92A3722A4BC2000F69286 /* Assets.xcassets */; };
		D0A92A3B22A4BC2000F69286 /* MainMenu.xib in Resources */ = {isa = PBXBuildFile; fileRef = D0A92A3922A4BC2000F69286 /* MainMenu.xib */; };
		D0A92A3E22A4BC2000F69286 /* main.m in Sources */ = {isa = PBXBuildFile; fileRef = D0A92A3D22A4BC2000F69286 /* main.m */; };
		D0A92A5222A4BF7800F69286 /* SheetWindowController.m in Sources */ = {isa = PBXBuildFile; fileRef = D0A92A5022A4BF7800F69286 /* SheetWindowController.m */; };
		D0A92A5322A4BF7800F69286 /* SheetWindowController.xib in Resources */ = {isa = PBXBuildFile; fileRef = D0A92A5122A4BF7800F69286 /* SheetWindowController.xib */; };
		D0A92A5722A4BF8300F69286 /* ModalWindowController.m in Sources */ = {isa = PBXBuildFile; fileRef = D0A92A5522A4BF8300F69286 /* ModalWindowController.m */; };
		D0A92A5822A4BF8300F69286 /* ModalWindowController.xib in Resources */ = {isa = PBXBuildFile; fileRef = D0A92A5622A4BF8300F69286 /* ModalWindowController.xib */; };
/* End PBXBuildFile section */

/* Begin PBXFileReference section */
		D0A92A3122A4BC1E00F69286 /* ModalWindowSample.app */ = {isa = PBXFileReference; explicitFileType = wrapper.application; includeInIndex = 0; path = ModalWindowSample.app; sourceTree = BUILT_PRODUCTS_DIR; };
		D0A92A3422A4BC1E00F69286 /* AppDelegate.h */ = {isa = PBXFileReference; lastKnownFileType = sourcecode.c.h; path = AppDelegate.h; sourceTree = "<group>"; };
		D0A92A3522A4BC1E00F69286 /* AppDelegate.m */ = {isa = PBXFileReference; lastKnownFileType = sourcecode.c.objc; path = AppDelegate.m; sourceTree = "<group>"; };
		D0A92A3722A4BC2000F69286 /* Assets.xcassets */ = {isa = PBXFileReference; lastKnownFileType = folder.assetcatalog; path = Assets.xcassets; sourceTree = "<group>"; };
		D0A92A3A22A4BC2000F69286 /* Base */ = {isa = PBXFileReference; lastKnownFileType = file.xib; name = Base; path = Base.lproj/MainMenu.xib; sourceTree = "<group>"; };
		D0A92A3C22A4BC2000F69286 /* Info.plist */ = {isa = PBXFileReference; lastKnownFileType = text.plist.xml; path = Info.plist; sourceTree = "<group>"; };
		D0A92A3D22A4BC2000F69286 /* main.m */ = {isa = PBXFileReference; lastKnownFileType = sourcecode.c.objc; path = main.m; sourceTree = "<group>"; };
		D0A92A3F22A4BC2000F69286 /* ModalWindowSample.entitlements */ = {isa = PBXFileReference; lastKnownFileType = text.plist.entitlements; path = ModalWindowSample.entitlements; sourceTree = "<group>"; };
		D0A92A4F22A4BF7800F69286 /* SheetWindowController.h */ = {isa = PBXFileReference; lastKnownFileType = sourcecode.c.h; path = SheetWindowController.h; sourceTree = "<group>"; };
		D0A92A5022A4BF7800F69286 /* SheetWindowController.m */ = {isa = PBXFileReference; lastKnownFileType = sourcecode.c.objc; path = SheetWindowController.m; sourceTree = "<group>"; };
		D0A92A5122A4BF7800F69286 /* SheetWindowController.xib */ = {isa = PBXFileReference; lastKnownFileType = file.xib; path = SheetWindowController.xib; sourceTree = "<group>"; };
		D0A92A5422A4BF8200F69286 /* ModalWindowController.h */ = {isa = PBXFileReference; lastKnownFileType = sourcecode.c.h; path = ModalWindowController.h; sourceTree = "<group>"; };
		D0A92A5522A4BF8300F69286 /* ModalWindowController.m */ = {isa = PBXFileReference; lastKnownFileType = sourcecode.c.objc; path = ModalWindowController.m; sourceTree = "<group>"; };
		D0A92A5622A4BF8300F69286 /* ModalWindowController.xib */ = {isa = PBXFileReference; lastKnownFileType = file.xib; path = ModalWindowController.xib; sourceTree = "<group>"; };
/* End PBXFileReference section */

/* Begin PBXFrameworksBuildPhase section */
		D0A92A2E22A4BC1E00F69286 /* Frameworks */ = {
			isa = PBXFrameworksBuildPhase;
			buildActionMask = 2147483647;
			files = (
			);
			runOnlyForDeploymentPostprocessing = 0;
		};
/* End PBXFrameworksBuildPhase section */

/* Begin PBXGroup section */
		D0A92A2822A4BC1E00F69286 = {
			isa = PBXGroup;
			children = (
				D0A92A3322A4BC1E00F69286 /* ModalWindowSample */,
				D0A92A3222A4BC1E00F69286 /* Products */,
			);
			sourceTree = "<group>";
		};
		D0A92A3222A4BC1E00F69286 /* Products */ = {
			isa = PBXGroup;
			children = (
				D0A92A3122A4BC1E00F69286 /* ModalWindowSample.app */,
			);
			name = Products;
			sourceTree = "<group>";
		};
		D0A92A3322A4BC1E00F69286 /* ModalWindowSample */ = {
			isa = PBXGroup;
			children = (
				D0A92A3422A4BC1E00F69286 /* AppDelegate.h */,
				D0A92A3522A4BC1E00F69286 /* AppDelegate.m */,
				D0A92A3722A4BC2000F69286 /* Assets.xcassets */,
				D0A92A3922A4BC2000F69286 /* MainMenu.xib */,
				D0A92A4F22A4BF7800F69286 /* SheetWindowController.h */,
				D0A92A5022A4BF7800F69286 /* SheetWindowController.m */,
				D0A92A5122A4BF7800F69286 /* SheetWindowController.xib */,
				D0A92A5422A4BF8200F69286 /* ModalWindowController.h */,
				D0A92A5522A4BF8300F69286 /* ModalWindowController.m */,
				D0A92A5622A4BF8300F69286 /* ModalWindowController.xib */,
				D0A92A3C22A4BC2000F69286 /* Info.plist */,
				D0A92A3D22A4BC2000F69286 /* main.m */,
				D0A92A3F22A4BC2000F69286 /* ModalWindowSample.entitlements */,
			);
			path = ModalWindowSample;
			sourceTree = "<group>";
		};
/* End PBXGroup section */

/* Begin PBXNativeTarget section */
		D0A92A3022A4BC1E00F69286 /* ModalWindowSample */ = {
			isa = PBXNativeTarget;
			buildConfigurationList = D0A92A4222A4BC2000F69286 /* Build configuration list for PBXNativeTarget "ModalWindowSample" */;
			buildPhases = (
				D0A92A2D22A4BC1E00F69286 /* Sources */,
				D0A92A2E22A4BC1E00F69286 /* Frameworks */,
				D0A92A2F22A4BC1E00F69286 /* Resources */,
			);
			buildRules = (
			);
			dependencies = (
			);
			name = ModalWindowSample;
			productName = ModalWindowSample;
			productReference = D0A92A3122A4BC1E00F69286 /* ModalWindowSample.app */;
			productType = "com.apple.product-type.application";
		};
/* End PBXNativeTarget section */

/* Begin PBXProject section */
		D0A92A2922A4BC1E00F69286 /* Project object */ = {
			isa = PBXProject;
			attributes = {
				LastUpgradeCheck = 1010;
				ORGANIZATIONNAME = hikeuchi;
				TargetAttributes = {
					D0A92A3022A4BC1E00F69286 = {
						CreatedOnToolsVersion = 10.1;
					};
				};
			};
			buildConfigurationList = D0A92A2C22A4BC1E00F69286 /* Build configuration list for PBXProject "ModalWindowSample" */;
			compatibilityVersion = "Xcode 9.3";
			developmentRegion = en;
			hasScannedForEncodings = 0;
			knownRegions = (
				en,
				Base,
			);
			mainGroup = D0A92A2822A4BC1E00F69286;
			productRefGroup = D0A92A3222A4BC1E00F69286 /* Products */;
			projectDirPath = "";
			projectRoot = "";
			targets = (
				D0A92A3022A4BC1E00F69286 /* ModalWindowSample */,
			);
		};
/* End PBXProject section */

/* Begin PBXResourcesBuildPhase section */
		D0A92A2F22A4BC1E00F69286 /* Resources */ = {
			isa = PBXResourcesBuildPhase;
			buildActionMask = 2147483647;
			files = (
				D0A92A5322A4BF7800F69286 /* SheetWindowController.xib in Resources */,
				D0A92A3822A4BC2000F69286 /* Assets.xcassets in Resources */,
				D0A92A3B22A4BC2000F69286 /* MainMenu.xib in Resources */,
				D0A92A5822A4BF8300F69286 /* ModalWindowController.xib in Resources */,
			);
			runOnlyForDeploymentPostprocessing = 0;
		};
/* End PBXResourcesBuildPhase section */

/* Begin PBXSourcesBuildPhase section */
		D0A92A2D22A4BC1E00F69286 /* Sources */ = {
			isa = PBXSourcesBuildPhase;
			buildActionMask = 2147483647;
			files = (
				D0A92A5222A4BF7800F69286 /* SheetWindowController.m in Sources */,
				D0A92A3E22A4BC2000F69286 /* main.m in Sources */,
				D0A92A3622A4BC1E00F69286 /* AppDelegate.m in Sources */,
				D0A92A5722A4BF8300F69286 /* ModalWindowController.m in Sources */,
			);
			runOnlyForDeploymentPostprocessing = 0;
		};
/* End PBXSourcesBuildPhase section */

/* Begin PBXVariantGroup section */
		D0A92A3922A4BC2000F69286 /* MainMenu.xib */ = {
			isa = PBXVariantGroup;
			children = (
				D0A92A3A22A4BC2000F69286 /* Base */,
			);
			name = MainMenu.xib;
			sourceTree = "<group>";
		};
/* End PBXVariantGroup section */

/* Begin XCBuildConfiguration section */
		D0A92A4022A4BC2000F69286 /* Debug */ = {
			isa = XCBuildConfiguration;
			buildSettings = {
				ALWAYS_SEARCH_USER_PATHS = NO;
				CLANG_ANALYZER_NONNULL = YES;
				CLANG_ANALYZER_NUMBER_OBJECT_CONVERSION = YES_AGGRESSIVE;
				CLANG_CXX_LANGUAGE_STANDARD = "gnu++14";
				CLANG_CXX_LIBRARY = "libc++";
				CLANG_ENABLE_MODULES = YES;
				CLANG_ENABLE_OBJC_ARC = YES;
				CLANG_ENABLE_OBJC_WEAK = YES;
				CLANG_WARN_BLOCK_CAPTURE_AUTORELEASING = YES;
				CLANG_WARN_BOOL_CONVERSION = YES;
				CLANG_WARN_COMMA = YES;
				CLANG_WARN_CONSTANT_CONVERSION = YES;
				CLANG_WARN_DEPRECATED_OBJC_IMPLEMENTATIONS = YES;
				CLANG_WARN_DIRECT_OBJC_ISA_USAGE = YES_ERROR;
				CLANG_WARN_DOCUMENTATION_COMMENTS = YES;
				CLANG_WARN_EMPTY_BODY = YES;
				CLANG_WARN_ENUM_CONVERSION = YES;
				CLANG_WARN_INFINITE_RECURSION = YES;
				CLANG_WARN_INT_CONVERSION = YES;
				CLANG_WARN_NON_LITERAL_NULL_CONVERSION = YES;
				CLANG_WARN_OBJC_IMPLICIT_RETAIN_SELF = YES;
				CLANG_WARN_OBJC_LITERAL_CONVERSION = YES;
				CLANG_WARN_OBJC_ROOT_CLASS = YES_ERROR;
				CLANG_WARN_RANGE_LOOP_ANALYSIS = YES;
				CLANG_WARN_STRICT_PROTOTYPES = YES;
				CLANG_WARN_SUSPICIOUS_MOVE = YES;
				CLANG_WARN_UNGUARDED_AVAILABILITY = YES_AGGRESSIVE;
				CLANG_WARN_UNREACHABLE_CODE = YES;
				CLANG_WARN__DUPLICATE_METHOD_MATCH = YES;
				CODE_SIGN_IDENTITY = "-";
				COPY_PHASE_STRIP = NO;
				DEBUG_INFORMATION_FORMAT = dwarf;
				ENABLE_STRICT_OBJC_MSGSEND = YES;
				ENABLE_TESTABILITY = YES;
				GCC_C_LANGUAGE_STANDARD = gnu11;
				GCC_DYNAMIC_NO_PIC = NO;
				GCC_NO_COMMON_BLOCKS = YES;
				GCC_OPTIMIZATION_LEVEL = 0;
				GCC_PREPROCESSOR_DEFINITIONS = (
					"DEBUG=1",
					"$(inherited)",
				);
				GCC_WARN_64_TO_32_BIT_CONVERSION = YES;
				GCC_WARN_ABOUT_RETURN_TYPE = YES_ERROR;
				GCC_WARN_UNDECLARED_SELECTOR = YES;
				GCC_WARN_UNINITIALIZED_AUTOS = YES_AGGRESSIVE;
				GCC_WARN_UNUSED_FUNCTION = YES;
				GCC_WARN_UNUSED_VARIABLE = YES;
				MACOSX_DEPLOYMENT_TARGET = 10.13;
				MTL_ENABLE_DEBUG_INFO = INCLUDE_SOURCE;
				MTL_FAST_MATH = YES;
				ONLY_ACTIVE_ARCH = YES;
				SDKROOT = macosx;
			};
			name = Debug;
		};
		D0A92A4122A4BC2000F69286 /* Release */ = {
			isa = XCBuildConfiguration;
			buildSettings = {
				ALWAYS_SEARCH_USER_PATHS = NO;
				CLANG_ANALYZER_NONNULL = YES;
				CLANG_ANALYZER_NUMBER_OBJECT_CONVERSION = YES_AGGRESSIVE;
				CLANG_CXX_LANGUAGE_STANDARD = "gnu++14";
				CLANG_CXX_LIBRARY = "libc++";
				CLANG_ENABLE_MODULES = YES;
				CLANG_ENABLE_OBJC_ARC = YES;
				CLANG_ENABLE_OBJC_WEAK = YES;
				CLANG_WARN_BLOCK_CAPTURE_AUTORELEASING = YES;
				CLANG_WARN_BOOL_CONVERSION = YES;
				CLANG_WARN_COMMA = YES;
				CLANG_WARN_CONSTANT_CONVERSION = YES;
				CLANG_WARN_DEPRECATED_OBJC_IMPLEMENTATIONS = YES;
				CLANG_WARN_DIRECT_OBJC_ISA_USAGE = YES_ERROR;
				CLANG_WARN_DOCUMENTATION_COMMENTS = YES;
				CLANG_WARN_EMPTY_BODY = YES;
				CLANG_WARN_ENUM_CONVERSION = YES;
				CLANG_WARN_INFINITE_RECURSION = YES;
				CLANG_WARN_INT_CONVERSION = YES;
				CLANG_WARN_NON_LITERAL_NULL_CONVERSION = YES;
				CLANG_WARN_OBJC_IMPLICIT_RETAIN_SELF = YES;
				CLANG_WARN_OBJC_LITERAL_CONVERSION = YES;
				CLANG_WARN_OBJC_ROOT_CLASS = YES_ERROR;
				CLANG_WARN_RANGE_LOOP_ANALYSIS = YES;
				CLANG_WARN_STRICT_PROTOTYPES = YES;
				CLANG_WARN_SUSPICIOUS_MOVE = YES;
				CLANG_WARN_UNGUARDED_AVAILABILITY = YES_AGGRESSIVE;
				CLANG_WARN_UNREACHABLE_CODE = YES;
				CLANG_WARN__DUPLICATE_METHOD_MATCH = YES;
				CODE_SIGN_IDENTITY = "-";
				COPY_PHASE_STRIP = NO;
				DEBUG_INFORMATION_FORMAT = "dwarf-with-dsym";
				ENABLE_NS_ASSERTIONS = NO;
				ENABLE_STRICT_OBJC_MSGSEND = YES;
				GCC_C_LANGUAGE_STANDARD = gnu11;
				GCC_NO_COMMON_BLOCKS = YES;
				GCC_WARN_64_TO_32_BIT_CONVERSION = YES;
				GCC_WARN_ABOUT_RETURN_TYPE = YES_ERROR;
				GCC_WARN_UNDECLARED_SELECTOR = YES;
				GCC_WARN_UNINITIALIZED_AUTOS = YES_AGGRESSIVE;
				GCC_WARN_UNUSED_FUNCTION = YES;
				GCC_WARN_UNUSED_VARIABLE = YES;
				MACOSX_DEPLOYMENT_TARGET = 10.13;
				MTL_ENABLE_DEBUG_INFO = NO;
				MTL_FAST_MATH = YES;
				SDKROOT = macosx;
			};
			name = Release;
		};
		D0A92A4322A4BC2000F69286 /* Debug */ = {
			isa = XCBuildConfiguration;
			buildSettings = {
				ASSETCATALOG_COMPILER_APPICON_NAME = AppIcon;
				CODE_SIGN_ENTITLEMENTS = ModalWindowSample/ModalWindowSample.entitlements;
				CODE_SIGN_STYLE = Automatic;
				COMBINE_HIDPI_IMAGES = YES;
				INFOPLIST_FILE = ModalWindowSample/Info.plist;
				LD_RUNPATH_SEARCH_PATHS = (
					"$(inherited)",
					"@executable_path/../Frameworks",
				);
				PRODUCT_BUNDLE_IDENTIFIER = jp.co.hikeuchi.ModalWindowSample;
				PRODUCT_NAME = "$(TARGET_NAME)";
			};
			name = Debug;
		};
		D0A92A4422A4BC2000F69286 /* Release */ = {
			isa = XCBuildConfiguration;
			buildSettings = {
				ASSETCATALOG_COMPILER_APPICON_NAME = AppIcon;
				CODE_SIGN_ENTITLEMENTS = ModalWindowSample/ModalWindowSample.entitlements;
				CODE_SIGN_STYLE = Automatic;
				COMBINE_HIDPI_IMAGES = YES;
				INFOPLIST_FILE = ModalWindowSample/Info.plist;
				LD_RUNPATH_SEARCH_PATHS = (
					"$(inherited)",
					"@executable_path/../Frameworks",
				);
				PRODUCT_BUNDLE_IDENTIFIER = jp.co.hikeuchi.ModalWindowSample;
				PRODUCT_NAME = "$(TARGET_NAME)";
			};
			name = Release;
		};
/* End XCBuildConfiguration section */

/* Begin XCConfigurationList section */
		D0A92A2C22A4BC1E00F69286 /* Build configuration list for PBXProject "ModalWindowSample" */ = {
			isa = XCConfigurationList;
			buildConfigurations = (
				D0A92A4022A4BC2000F69286 /* Debug */,
				D0A92A4122A4BC2000F69286 /* Release */,
			);
			defaultConfigurationIsVisible = 0;
			defaultConfigurationName = Release;
		};
		D0A92A4222A4BC2000F69286 /* Build configuration list for PBXNativeTarget "ModalWindowSample" */ = {
			isa = XCConfigurationList;
			buildConfigurations = (
				D0A92A4322A4BC2000F69286 /* Debug */,
				D0A92A4422A4BC2000F69286 /* Release */,
			);
			defaultConfigurationIsVisible = 0;
			defaultConfigurationName = Release;
		};
/* End XCConfigurationList section */
	};
	rootObject = D0A92A2922A4BC1E00F69286 /* Project object */;
}
